
Microsoft Visual Studio Solution File, Format Version 12.00
# Visual Studio 15
VisualStudioVersion = 15.0.26730.16
MinimumVisualStudioVersion = 10.0.40219.1
Project("{FAE04EC0-301F-11D3-BF4B-00C04F79EFBC}") = "DomainObjects", "DomainObjects\DomainObjects.csproj", "{D2392888-4AA5-4E74-B42B-E39398682525}"
EndProject
Project("{FAE04EC0-301F-11D3-BF4B-00C04F79EFBC}") = "TestConsoleApp1", "TestConsoleApp1\TestConsoleApp1.csproj", "{6B2FD25B-0367-4EF1-8FE4-AC5D1AE26C83}"
EndProject
Project("{FAE04EC0-301F-11D3-BF4B-00C04F79EFBC}") = "Dynamix", "Dynamix\Dynamix\Dynamix.csproj", "{8CD44B0C-C50D-4328-8EFD-9B0B4DD9BDD2}"
EndProject
Global
	GlobalSection(SolutionConfigurationPlatforms) = preSolution
		Debug|Any CPU = Debug|Any CPU
		Release|Any CPU = Release|Any CPU
	EndGlobalSection
	GlobalSection(ProjectConfigurationPlatforms) = postSolution
		{D2392888-4AA5-4E74-B42B-E39398682525}.Debug|Any CPU.ActiveCfg = Debug|Any CPU
		{D2392888-4AA5-4E74-B42B-E39398682525}.Debug|Any CPU.Build.0 = Debug|Any CPU
		{D2392888-4AA5-4E74-B42B-E39398682525}.Release|Any CPU.ActiveCfg = Release|Any CPU
		{D2392888-4AA5-4E74-B42B-E39398682525}.Release|Any CPU.Build.0 = Release|Any CPU
		{6B2FD25B-0367-4EF1-8FE4-AC5D1AE26C83}.Debug|Any CPU.ActiveCfg = Debug|Any CPU
		{6B2FD25B-0367-4EF1-8FE4-AC5D1AE26C83}.Debug|Any CPU.Build.0 = Debug|Any CPU
		{6B2FD25B-0367-4EF1-8FE4-AC5D1AE26C83}.Release|Any CPU.ActiveCfg = Release|Any CPU
		{6B2FD25B-0367-4EF1-8FE4-AC5D1AE26C83}.Release|Any CPU.Build.0 = Release|Any CPU
		{8CD44B0C-C50D-4328-8EFD-9B0B4DD9BDD2}.Debug|Any CPU.ActiveCfg = Debug|Any CPU
		{8CD44B0C-C50D-4328-8EFD-9B0B4DD9BDD2}.Debug|Any CPU.Build.0 = Debug|Any CPU
		{8CD44B0C-C50D-4328-8EFD-9B0B4DD9BDD2}.Release|Any CPU.ActiveCfg = Release|Any CPU
		{8CD44B0C-C50D-4328-8EFD-9B0B4DD9BDD2}.Release|Any CPU.Build.0 = Release|Any CPU
	EndGlobalSection
	GlobalSection(SolutionProperties) = preSolution
		HideSolutionNode = FALSE
	EndGlobalSection
	GlobalSection(ExtensibilityGlobals) = postSolution
		SolutionGuid = {FBBCAA41-BAB5-43B7-AF4F-436CFE065AC4}
	EndGlobalSection
EndGlobal
